
Microsoft Visual Studio Solution File, Format Version 12.00
# Visual Studio Version 17
VisualStudioVersion = 17.14.36616.10
MinimumVisualStudioVersion = 10.0.40219.1
Project("{FAE04EC0-301F-11D3-BF4B-00C04F79EFBC}") = "InventoryAPI", "InventoryAPI\InventoryAPI.csproj", "{EDA3CF81-82B7-7EA6-DB26-EC631E2CAE39}"
EndProject
Project("{E53339B2-1760-4266-BCC7-CA923CBCF16C}") = "docker-compose", "docker-compose.dcproj", "{81DDED9D-158B-E303-5F62-77A2896D2A5A}"
EndProject
Project("{FAE04EC0-301F-11D3-BF4B-00C04F79EFBC}") = "OrderAPI", "OrderAPI\OrderAPI.csproj", "{F2221C57-0D20-6E76-3BAE-B16C2830D6CB}"
EndProject
Project("{2150E333-8FDC-42A3-9474-1A3956D46DE8}") = "InventoryMicroservice", "InventoryMicroservice", "{02EA681E-C7D8-13C7-8484-4AC65E1B71E8}"
EndProject
Project("{2150E333-8FDC-42A3-9474-1A3956D46DE8}") = "OrderMicroservice", "OrderMicroservice", "{8D86722D-600A-447F-9F11-AA4C51A731AF}"
EndProject
Project("{2150E333-8FDC-42A3-9474-1A3956D46DE8}") = "CustomerMicroservice", "CustomerMicroservice", "{455CBFFC-F828-4DEF-9C8F-40F537F87278}"
EndProject
Project("{FAE04EC0-301F-11D3-BF4B-00C04F79EFBC}") = "CustomerMicroservice", "CustomerMicroservice\CustomerMicroservice\CustomerMicroservice.csproj", "{1125C1EF-F57C-3659-2786-F7C9016C9764}"
EndProject
Project("{FAE04EC0-301F-11D3-BF4B-00C04F79EFBC}") = "Core", "CustomerMicroservice\Core\Core.csproj", "{8B88335F-C98F-4A12-ABA8-A82F285B4EE9}"
EndProject
Project("{FAE04EC0-301F-11D3-BF4B-00C04F79EFBC}") = "Infrastructure", "CustomerMicroservice\Infrastructure\Infrastructure.csproj", "{0F3CEBDE-6DFB-B8CD-A3FA-5EC2497C3445}"
EndProject
Project("{2150E333-8FDC-42A3-9474-1A3956D46DE8}") = "APIGateway", "APIGateway", "{1A549EC9-5246-473B-BCA4-7669520ED8E8}"
EndProject
Project("{2150E333-8FDC-42A3-9474-1A3956D46DE8}") = "ProductMicroservice", "ProductMicroservice", "{B370C27E-8CC0-45A8-8BB9-8DD615C529C2}"
EndProject
Project("{FAE04EC0-301F-11D3-BF4B-00C04F79EFBC}") = "ProductAPI", "ProductAPI\ProductAPI.csproj", "{E962D6F7-FF83-9B7F-B7BE-F24219127C2F}"
EndProject
Project("{FAE04EC0-301F-11D3-BF4B-00C04F79EFBC}") = "Apigateway", "Apigateway\Apigateway.csproj", "{ABE66B30-BD47-A7B2-B17B-5BA67959B026}"
EndProject
Project("{2150E333-8FDC-42A3-9474-1A3956D46DE8}") = "AuthenticationMicroservice", "AuthenticationMicroservice", "{5F7A9A79-376D-4CEE-8278-2C1C41F56657}"
EndProject
Project("{FAE04EC0-301F-11D3-BF4B-00C04F79EFBC}") = "AuthenticationAPI", "AuthenticationAPI\AuthenticationAPI.csproj", "{464DDB4D-8236-7096-0B23-1AEADEC99176}"
EndProject
Project("{FAE04EC0-301F-11D3-BF4B-00C04F79EFBC}") = "JWTAuthenticationManager", "JWTAuthenticationManager\JWTAuthenticationManager.csproj", "{3B37CD71-2E80-397D-4AC2-D5BD79F0E9AC}"
EndProject
Project("{FAE04EC0-301F-11D3-BF4B-00C04F79EFBC}") = "OrderAPI.ApplicationCore", "..\ApplicationCore\OrderAPI.ApplicationCore.csproj", "{254D5CA1-66FB-43FE-8B84-8C71C7BB0198}"
EndProject
Project("{FAE04EC0-301F-11D3-BF4B-00C04F79EFBC}") = "OrderAPI.Infrastructure", "..\Infrastructure\OrderAPI.Infrastructure.csproj", "{BD8D242D-C61D-4804-B55C-6D5DA8B55A35}"
EndProject
Global
	GlobalSection(SolutionConfigurationPlatforms) = preSolution
		Debug|Any CPU = Debug|Any CPU
		Release|Any CPU = Release|Any CPU
	EndGlobalSection
	GlobalSection(ProjectConfigurationPlatforms) = postSolution
		{EDA3CF81-82B7-7EA6-DB26-EC631E2CAE39}.Debug|Any CPU.ActiveCfg = Debug|Any CPU
		{EDA3CF81-82B7-7EA6-DB26-EC631E2CAE39}.Debug|Any CPU.Build.0 = Debug|Any CPU
		{EDA3CF81-82B7-7EA6-DB26-EC631E2CAE39}.Release|Any CPU.ActiveCfg = Release|Any CPU
		{EDA3CF81-82B7-7EA6-DB26-EC631E2CAE39}.Release|Any CPU.Build.0 = Release|Any CPU
		{81DDED9D-158B-E303-5F62-77A2896D2A5A}.Debug|Any CPU.ActiveCfg = Debug|Any CPU
		{81DDED9D-158B-E303-5F62-77A2896D2A5A}.Debug|Any CPU.Build.0 = Debug|Any CPU
		{81DDED9D-158B-E303-5F62-77A2896D2A5A}.Release|Any CPU.ActiveCfg = Release|Any CPU
		{81DDED9D-158B-E303-5F62-77A2896D2A5A}.Release|Any CPU.Build.0 = Release|Any CPU
		{F2221C57-0D20-6E76-3BAE-B16C2830D6CB}.Debug|Any CPU.ActiveCfg = Debug|Any CPU
		{F2221C57-0D20-6E76-3BAE-B16C2830D6CB}.Debug|Any CPU.Build.0 = Debug|Any CPU
		{F2221C57-0D20-6E76-3BAE-B16C2830D6CB}.Release|Any CPU.ActiveCfg = Release|Any CPU
		{F2221C57-0D20-6E76-3BAE-B16C2830D6CB}.Release|Any CPU.Build.0 = Release|Any CPU
		{1125C1EF-F57C-3659-2786-F7C9016C9764}.Debug|Any CPU.ActiveCfg = Debug|Any CPU
		{1125C1EF-F57C-3659-2786-F7C9016C9764}.Debug|Any CPU.Build.0 = Debug|Any CPU
		{1125C1EF-F57C-3659-2786-F7C9016C9764}.Release|Any CPU.ActiveCfg = Release|Any CPU
		{1125C1EF-F57C-3659-2786-F7C9016C9764}.Release|Any CPU.Build.0 = Release|Any CPU
		{8B88335F-C98F-4A12-ABA8-A82F285B4EE9}.Debug|Any CPU.ActiveCfg = Debug|Any CPU
		{8B88335F-C98F-4A12-ABA8-A82F285B4EE9}.Debug|Any CPU.Build.0 = Debug|Any CPU
		{8B88335F-C98F-4A12-ABA8-A82F285B4EE9}.Release|Any CPU.ActiveCfg = Release|Any CPU
		{8B88335F-C98F-4A12-ABA8-A82F285B4EE9}.Release|Any CPU.Build.0 = Release|Any CPU
		{0F3CEBDE-6DFB-B8CD-A3FA-5EC2497C3445}.Debug|Any CPU.ActiveCfg = Debug|Any CPU
		{0F3CEBDE-6DFB-B8CD-A3FA-5EC2497C3445}.Debug|Any CPU.Build.0 = Debug|Any CPU
		{0F3CEBDE-6DFB-B8CD-A3FA-5EC2497C3445}.Release|Any CPU.ActiveCfg = Release|Any CPU
		{0F3CEBDE-6DFB-B8CD-A3FA-5EC2497C3445}.Release|Any CPU.Build.0 = Release|Any CPU
		{E962D6F7-FF83-9B7F-B7BE-F24219127C2F}.Debug|Any CPU.ActiveCfg = Debug|Any CPU
		{E962D6F7-FF83-9B7F-B7BE-F24219127C2F}.Debug|Any CPU.Build.0 = Debug|Any CPU
		{E962D6F7-FF83-9B7F-B7BE-F24219127C2F}.Release|Any CPU.ActiveCfg = Release|Any CPU
		{E962D6F7-FF83-9B7F-B7BE-F24219127C2F}.Release|Any CPU.Build.0 = Release|Any CPU
		{ABE66B30-BD47-A7B2-B17B-5BA67959B026}.Debug|Any CPU.ActiveCfg = Debug|Any CPU
		{ABE66B30-BD47-A7B2-B17B-5BA67959B026}.Debug|Any CPU.Build.0 = Debug|Any CPU
		{ABE66B30-BD47-A7B2-B17B-5BA67959B026}.Release|Any CPU.ActiveCfg = Release|Any CPU
		{ABE66B30-BD47-A7B2-B17B-5BA67959B026}.Release|Any CPU.Build.0 = Release|Any CPU
		{464DDB4D-8236-7096-0B23-1AEADEC99176}.Debug|Any CPU.ActiveCfg = Debug|Any CPU
		{464DDB4D-8236-7096-0B23-1AEADEC99176}.Debug|Any CPU.Build.0 = Debug|Any CPU
		{464DDB4D-8236-7096-0B23-1AEADEC99176}.Release|Any CPU.ActiveCfg = Release|Any CPU
		{464DDB4D-8236-7096-0B23-1AEADEC99176}.Release|Any CPU.Build.0 = Release|Any CPU
		{3B37CD71-2E80-397D-4AC2-D5BD79F0E9AC}.Debug|Any CPU.ActiveCfg = Debug|Any CPU
		{3B37CD71-2E80-397D-4AC2-D5BD79F0E9AC}.Debug|Any CPU.Build.0 = Debug|Any CPU
		{3B37CD71-2E80-397D-4AC2-D5BD79F0E9AC}.Release|Any CPU.ActiveCfg = Release|Any CPU
		{3B37CD71-2E80-397D-4AC2-D5BD79F0E9AC}.Release|Any CPU.Build.0 = Release|Any CPU
		{254D5CA1-66FB-43FE-8B84-8C71C7BB0198}.Debug|Any CPU.ActiveCfg = Debug|Any CPU
		{254D5CA1-66FB-43FE-8B84-8C71C7BB0198}.Debug|Any CPU.Build.0 = Debug|Any CPU
		{254D5CA1-66FB-43FE-8B84-8C71C7BB0198}.Release|Any CPU.ActiveCfg = Release|Any CPU
		{254D5CA1-66FB-43FE-8B84-8C71C7BB0198}.Release|Any CPU.Build.0 = Release|Any CPU
		{BD8D242D-C61D-4804-B55C-6D5DA8B55A35}.Debug|Any CPU.ActiveCfg = Debug|Any CPU
		{BD8D242D-C61D-4804-B55C-6D5DA8B55A35}.Debug|Any CPU.Build.0 = Debug|Any CPU
		{BD8D242D-C61D-4804-B55C-6D5DA8B55A35}.Release|Any CPU.ActiveCfg = Release|Any CPU
		{BD8D242D-C61D-4804-B55C-6D5DA8B55A35}.Release|Any CPU.Build.0 = Release|Any CPU
	EndGlobalSection
	GlobalSection(SolutionProperties) = preSolution
		HideSolutionNode = FALSE
	EndGlobalSection
	GlobalSection(NestedProjects) = preSolution
		{EDA3CF81-82B7-7EA6-DB26-EC631E2CAE39} = {02EA681E-C7D8-13C7-8484-4AC65E1B71E8}
		{F2221C57-0D20-6E76-3BAE-B16C2830D6CB} = {8D86722D-600A-447F-9F11-AA4C51A731AF}
		{1125C1EF-F57C-3659-2786-F7C9016C9764} = {455CBFFC-F828-4DEF-9C8F-40F537F87278}
		{8B88335F-C98F-4A12-ABA8-A82F285B4EE9} = {455CBFFC-F828-4DEF-9C8F-40F537F87278}
		{0F3CEBDE-6DFB-B8CD-A3FA-5EC2497C3445} = {455CBFFC-F828-4DEF-9C8F-40F537F87278}
		{E962D6F7-FF83-9B7F-B7BE-F24219127C2F} = {B370C27E-8CC0-45A8-8BB9-8DD615C529C2}
		{ABE66B30-BD47-A7B2-B17B-5BA67959B026} = {1A549EC9-5246-473B-BCA4-7669520ED8E8}
		{464DDB4D-8236-7096-0B23-1AEADEC99176} = {5F7A9A79-376D-4CEE-8278-2C1C41F56657}
		{254D5CA1-66FB-43FE-8B84-8C71C7BB0198} = {8D86722D-600A-447F-9F11-AA4C51A731AF}
		{BD8D242D-C61D-4804-B55C-6D5DA8B55A35} = {8D86722D-600A-447F-9F11-AA4C51A731AF}
	EndGlobalSection
	GlobalSection(ExtensibilityGlobals) = postSolution
		SolutionGuid = {2852D090-E51C-4A96-9F13-55FC5C0F1906}
	EndGlobalSection
EndGlobal
