
Microsoft Visual Studio Solution File, Format Version 12.00
# Visual Studio Version 17
VisualStudioVersion = 17.14.36616.10 d17.14
MinimumVisualStudioVersion = 10.0.40219.1
Project("{FAE04EC0-301F-11D3-BF4B-00C04F79EFBC}") = "CustomerAPI", "CustomerAPI\CustomerAPI.csproj", "{A7DFF37E-06D6-4E80-BEC1-CAA81326302E}"
EndProject
Project("{FAE04EC0-301F-11D3-BF4B-00C04F79EFBC}") = "CustomerAPI.Core", "..\project\CustomerMicroservice\CustomerAPI.Core\CustomerAPI.Core.csproj", "{132C972C-69E6-8B89-A6FD-B352F91EF1CA}"
EndProject
Project("{FAE04EC0-301F-11D3-BF4B-00C04F79EFBC}") = "CustomerAPI.Infrastructure", "..\project\CustomerMicroservice\CustomerAPI.Infrastructure\CustomerAPI.Infrastructure.csproj", "{F6775AB5-8748-FFBE-86A0-1BB54F6E8197}"
EndProject
Project("{E53339B2-1760-4266-BCC7-CA923CBCF16C}") = "docker-compose", "docker-compose.dcproj", "{81DDED9D-158B-E303-5F62-77A2896D2A5A}"
EndProject
Global
	GlobalSection(SolutionConfigurationPlatforms) = preSolution
		Debug|Any CPU = Debug|Any CPU
		Release|Any CPU = Release|Any CPU
	EndGlobalSection
	GlobalSection(ProjectConfigurationPlatforms) = postSolution
		{A7DFF37E-06D6-4E80-BEC1-CAA81326302E}.Debug|Any CPU.ActiveCfg = Debug|Any CPU
		{A7DFF37E-06D6-4E80-BEC1-CAA81326302E}.Debug|Any CPU.Build.0 = Debug|Any CPU
		{A7DFF37E-06D6-4E80-BEC1-CAA81326302E}.Release|Any CPU.ActiveCfg = Release|Any CPU
		{A7DFF37E-06D6-4E80-BEC1-CAA81326302E}.Release|Any CPU.Build.0 = Release|Any CPU
		{132C972C-69E6-8B89-A6FD-B352F91EF1CA}.Debug|Any CPU.ActiveCfg = Debug|Any CPU
		{132C972C-69E6-8B89-A6FD-B352F91EF1CA}.Debug|Any CPU.Build.0 = Debug|Any CPU
		{132C972C-69E6-8B89-A6FD-B352F91EF1CA}.Release|Any CPU.ActiveCfg = Release|Any CPU
		{132C972C-69E6-8B89-A6FD-B352F91EF1CA}.Release|Any CPU.Build.0 = Release|Any CPU
		{F6775AB5-8748-FFBE-86A0-1BB54F6E8197}.Debug|Any CPU.ActiveCfg = Debug|Any CPU
		{F6775AB5-8748-FFBE-86A0-1BB54F6E8197}.Debug|Any CPU.Build.0 = Debug|Any CPU
		{F6775AB5-8748-FFBE-86A0-1BB54F6E8197}.Release|Any CPU.ActiveCfg = Release|Any CPU
		{F6775AB5-8748-FFBE-86A0-1BB54F6E8197}.Release|Any CPU.Build.0 = Release|Any CPU
		{81DDED9D-158B-E303-5F62-77A2896D2A5A}.Debug|Any CPU.ActiveCfg = Debug|Any CPU
		{81DDED9D-158B-E303-5F62-77A2896D2A5A}.Debug|Any CPU.Build.0 = Debug|Any CPU
		{81DDED9D-158B-E303-5F62-77A2896D2A5A}.Release|Any CPU.ActiveCfg = Release|Any CPU
		{81DDED9D-158B-E303-5F62-77A2896D2A5A}.Release|Any CPU.Build.0 = Release|Any CPU
	EndGlobalSection
	GlobalSection(SolutionProperties) = preSolution
		HideSolutionNode = FALSE
	EndGlobalSection
	GlobalSection(ExtensibilityGlobals) = postSolution
		SolutionGuid = {DA861A87-0779-45CB-85C7-B9CB7677342E}
	EndGlobalSection
EndGlobal
